{
    "_readme": [
        "This file locks the dependencies of your project to a known state",
        "Read more about it at https://getcomposer.org/doc/01-basic-usage.md#installing-dependencies",
        "This file is @generated automatically"
    ],
    "content-hash": "81684d9dcd2ce58b481c48247e6527c5",
    "packages": [
        {
            "name": "adbario/php-dot-notation",
            "version": "1.2.0",
            "source": {
                "type": "git",
                "url": "https://github.com/adbario/php-dot-notation.git",
                "reference": "5e4b1fe29a8ae1140e370d520ed8b85dd5130a1f"
            },
            "dist": {
                "type": "zip",
                "url": "https://api.github.com/repos/adbario/php-dot-notation/zipball/5e4b1fe29a8ae1140e370d520ed8b85dd5130a1f",
                "reference": "5e4b1fe29a8ae1140e370d520ed8b85dd5130a1f",
                "shasum": ""
            },
            "require": {
                "php": ">=5.4"
            },
            "type": "library",
            "autoload": {
                "psr-4": {
                    "Adbar\\": "src"
                }
            },
            "notification-url": "https://packagist.org/downloads/",
            "license": [
                "MIT"
            ],
            "authors": [
                {
                    "name": "Riku Särkinen",
                    "email": "riku@adbar.io"
                }
            ],
            "description": "PHP dot notation array access",
            "homepage": "https://github.com/adbario/php-dot-notation",
            "keywords": [
                "ArrayAccess",
                "dotnotation",
                "php"
            ],
            "support": {
                "issues": "https://github.com/adbario/php-dot-notation/issues",
                "source": "https://github.com/adbario/php-dot-notation/tree/master"
            },
            "time": "2017-03-26T17:44:47+00:00"
        },
        {
            "name": "doctrine/couchdb",
            "version": "2.0.0-alpha1",
            "source": {
                "type": "git",
                "url": "https://github.com/doctrine/couchdb-client.git",
                "reference": "0e46beddc4b1037929599b96b622506260655f17"
            },
            "dist": {
                "type": "zip",
                "url": "https://api.github.com/repos/doctrine/couchdb-client/zipball/0e46beddc4b1037929599b96b622506260655f17",
                "reference": "0e46beddc4b1037929599b96b622506260655f17",
                "shasum": ""
            },
            "require": {
                "php": ">=5.4"
            },
            "require-dev": {
                "phpunit/phpunit": "~4.0"
            },
            "type": "library",
            "extra": {
                "branch-alias": {
                    "dev-master": "1.0-dev"
                }
            },
            "autoload": {
                "psr-0": {
                    "Doctrine\\CouchDB": "lib/"
                }
            },
            "notification-url": "https://packagist.org/downloads/",
            "license": [
                "MIT"
            ],
            "authors": [
                {
                    "name": "Benjamin Eberlei",
                    "email": "kontakt@beberlei.de"
                },
                {
                    "name": "Lukas Kahwe Smith",
                    "email": "smith@pooteeweet.org"
                }
            ],
            "description": "CouchDB Client",
            "homepage": "http://www.doctrine-project.org",
            "keywords": [
                "couchdb",
                "persistence"
            ],
            "support": {
                "issues": "https://github.com/doctrine/couchdb-client/issues",
                "source": "https://github.com/doctrine/couchdb-client/tree/master"
            },
            "time": "2018-05-07T00:03:09+00:00"
        }
    ],
    "packages-dev": [],
    "aliases": [],
    "minimum-stability": "stable",
    "stability-flags": {
        "doctrine/couchdb": 15
    },
    "prefer-stable": false,
    "prefer-lowest": false,
    "platform": [],
    "platform-dev": [],
    "plugin-api-version": "2.2.0"
}
